
Microsoft Visual Studio Solution File, Format Version 12.00
# Visual Studio Version 17
VisualStudioVersion = 17.9.34607.119
MinimumVisualStudioVersion = 10.0.40219.1
Project("{9A19103F-16F7-4668-BE54-9A1E7A4F7556}") = "OrderedArray", "OrderedArray\OrderedArray.csproj", "{557227F9-831F-4860-B187-45467B9A2A8D}"
EndProject
Global
	GlobalSection(SolutionConfigurationPlatforms) = preSolution
		Debug|Any CPU = Debug|Any CPU
		Release|Any CPU = Release|Any CPU
	EndGlobalSection
	GlobalSection(ProjectConfigurationPlatforms) = postSolution
		{557227F9-831F-4860-B187-45467B9A2A8D}.Debug|Any CPU.ActiveCfg = Debug|Any CPU
		{557227F9-831F-4860-B187-45467B9A2A8D}.Debug|Any CPU.Build.0 = Debug|Any CPU
		{557227F9-831F-4860-B187-45467B9A2A8D}.Release|Any CPU.ActiveCfg = Release|Any CPU
		{557227F9-831F-4860-B187-45467B9A2A8D}.Release|Any CPU.Build.0 = Release|Any CPU
	EndGlobalSection
	GlobalSection(SolutionProperties) = preSolution
		HideSolutionNode = FALSE
	EndGlobalSection
	GlobalSection(ExtensibilityGlobals) = postSolution
		SolutionGuid = {A530CE6D-5706-4E5E-99B9-BE76BF5FE3E7}
	EndGlobalSection
EndGlobal
